
Microsoft Visual Studio Solution File, Format Version 12.00
# Visual Studio Version 17
VisualStudioVersion = 17.13.35818.85
MinimumVisualStudioVersion = 10.0.40219.1
Project("{FAE04EC0-301F-11D3-BF4B-00C04F79EFBC}") = "UPSWSAPI", "UPSWSAPI\UPSWSAPI.csproj", "{0F291AEC-7B9A-41E1-978E-6FCB120BD5E2}"
EndProject
Project("{2150E333-8FDC-42A3-9474-1A3956D46DE8}") = "ApiGateway", "ApiGateway", "{02EA681E-C7D8-13C7-8484-4AC65E1B71E8}"
EndProject
Project("{FAE04EC0-301F-11D3-BF4B-00C04F79EFBC}") = "ApiGateway", "ApiGateway\ApiGateway.csproj", "{ECDD678C-D506-4876-AB1E-09BF54A3D6EA}"
EndProject
Project("{2150E333-8FDC-42A3-9474-1A3956D46DE8}") = "Microservices", "Microservices", "{14272C6E-7A9B-432C-B2EA-9CF17B8663DC}"
EndProject
Project("{FAE04EC0-301F-11D3-BF4B-00C04F79EFBC}") = "UPSWSWebAPIs", "UPSWSWebAPIs\UPSWSWebAPIs.csproj", "{2994F759-9260-4064-A720-6AD661594ADB}"
EndProject
Project("{FAE04EC0-301F-11D3-BF4B-00C04F79EFBC}") = "UPSWSIntegrationINWAPIs", "UPSWSIntegrationINWAPIs\UPSWSIntegrationINWAPIs.csproj", "{1B6EF77B-219D-45B9-8E21-B49FF43509C7}"
EndProject
Project("{FAE04EC0-301F-11D3-BF4B-00C04F79EFBC}") = "UPSWSIntegrationOUTWAPIs", "UPSWSIntegrationOUTWAPIs\UPSWSIntegrationOUTWAPIs.csproj", "{B4C3CD0A-7F4D-4DAC-8236-AF9F9001DBDB}"
EndProject
Project("{FAE04EC0-301F-11D3-BF4B-00C04F79EFBC}") = "UPSWSWebsiteAPIs", "UPSWSWebsiteAPIs\UPSWSWebsiteAPIs.csproj", "{1400FB75-B37C-4E4F-B9BD-BDE9A454CCCF}"
EndProject
Global
	GlobalSection(SolutionConfigurationPlatforms) = preSolution
		Debug|Any CPU = Debug|Any CPU
		Release|Any CPU = Release|Any CPU
	EndGlobalSection
	GlobalSection(ProjectConfigurationPlatforms) = postSolution
		{0F291AEC-7B9A-41E1-978E-6FCB120BD5E2}.Debug|Any CPU.ActiveCfg = Debug|Any CPU
		{0F291AEC-7B9A-41E1-978E-6FCB120BD5E2}.Debug|Any CPU.Build.0 = Debug|Any CPU
		{0F291AEC-7B9A-41E1-978E-6FCB120BD5E2}.Release|Any CPU.ActiveCfg = Release|Any CPU
		{0F291AEC-7B9A-41E1-978E-6FCB120BD5E2}.Release|Any CPU.Build.0 = Release|Any CPU
		{ECDD678C-D506-4876-AB1E-09BF54A3D6EA}.Debug|Any CPU.ActiveCfg = Debug|Any CPU
		{ECDD678C-D506-4876-AB1E-09BF54A3D6EA}.Debug|Any CPU.Build.0 = Debug|Any CPU
		{ECDD678C-D506-4876-AB1E-09BF54A3D6EA}.Release|Any CPU.ActiveCfg = Release|Any CPU
		{ECDD678C-D506-4876-AB1E-09BF54A3D6EA}.Release|Any CPU.Build.0 = Release|Any CPU
		{2994F759-9260-4064-A720-6AD661594ADB}.Debug|Any CPU.ActiveCfg = Debug|Any CPU
		{2994F759-9260-4064-A720-6AD661594ADB}.Debug|Any CPU.Build.0 = Debug|Any CPU
		{2994F759-9260-4064-A720-6AD661594ADB}.Release|Any CPU.ActiveCfg = Release|Any CPU
		{2994F759-9260-4064-A720-6AD661594ADB}.Release|Any CPU.Build.0 = Release|Any CPU
		{1B6EF77B-219D-45B9-8E21-B49FF43509C7}.Debug|Any CPU.ActiveCfg = Debug|Any CPU
		{1B6EF77B-219D-45B9-8E21-B49FF43509C7}.Debug|Any CPU.Build.0 = Debug|Any CPU
		{1B6EF77B-219D-45B9-8E21-B49FF43509C7}.Release|Any CPU.ActiveCfg = Release|Any CPU
		{1B6EF77B-219D-45B9-8E21-B49FF43509C7}.Release|Any CPU.Build.0 = Release|Any CPU
		{B4C3CD0A-7F4D-4DAC-8236-AF9F9001DBDB}.Debug|Any CPU.ActiveCfg = Debug|Any CPU
		{B4C3CD0A-7F4D-4DAC-8236-AF9F9001DBDB}.Debug|Any CPU.Build.0 = Debug|Any CPU
		{B4C3CD0A-7F4D-4DAC-8236-AF9F9001DBDB}.Release|Any CPU.ActiveCfg = Release|Any CPU
		{B4C3CD0A-7F4D-4DAC-8236-AF9F9001DBDB}.Release|Any CPU.Build.0 = Release|Any CPU
		{1400FB75-B37C-4E4F-B9BD-BDE9A454CCCF}.Debug|Any CPU.ActiveCfg = Debug|Any CPU
		{1400FB75-B37C-4E4F-B9BD-BDE9A454CCCF}.Debug|Any CPU.Build.0 = Debug|Any CPU
		{1400FB75-B37C-4E4F-B9BD-BDE9A454CCCF}.Release|Any CPU.ActiveCfg = Release|Any CPU
		{1400FB75-B37C-4E4F-B9BD-BDE9A454CCCF}.Release|Any CPU.Build.0 = Release|Any CPU
	EndGlobalSection
	GlobalSection(SolutionProperties) = preSolution
		HideSolutionNode = FALSE
	EndGlobalSection
	GlobalSection(NestedProjects) = preSolution
		{ECDD678C-D506-4876-AB1E-09BF54A3D6EA} = {02EA681E-C7D8-13C7-8484-4AC65E1B71E8}
		{2994F759-9260-4064-A720-6AD661594ADB} = {14272C6E-7A9B-432C-B2EA-9CF17B8663DC}
		{1B6EF77B-219D-45B9-8E21-B49FF43509C7} = {14272C6E-7A9B-432C-B2EA-9CF17B8663DC}
		{B4C3CD0A-7F4D-4DAC-8236-AF9F9001DBDB} = {14272C6E-7A9B-432C-B2EA-9CF17B8663DC}
		{1400FB75-B37C-4E4F-B9BD-BDE9A454CCCF} = {14272C6E-7A9B-432C-B2EA-9CF17B8663DC}
	EndGlobalSection
	GlobalSection(ExtensibilityGlobals) = postSolution
		SolutionGuid = {23B59A24-3ED1-4410-AFCC-EF4B73A25C8B}
	EndGlobalSection
EndGlobal
